
Microsoft Visual Studio Solution File, Format Version 12.00
# Visual Studio Version 17
VisualStudioVersion = 17.2.32630.192
MinimumVisualStudioVersion = 10.0.40219.1
Project("{FAE04EC0-301F-11D3-BF4B-00C04F79EFBC}") = "TrailBlazor.Server", "TrailBlazor\Server\TrailBlazor.Server.csproj", "{0060D6CD-5C1E-4117-A134-27ECE342A20E}"
EndProject
Project("{FAE04EC0-301F-11D3-BF4B-00C04F79EFBC}") = "TrailBlazor.Client", "TrailBlazor\Client\TrailBlazor.Client.csproj", "{8690F9D9-A3A2-4193-9AF4-1EB4F3E25E3C}"
EndProject
Project("{FAE04EC0-301F-11D3-BF4B-00C04F79EFBC}") = "TrailBlazor.Shared", "TrailBlazor\Shared\TrailBlazor.Shared.csproj", "{4BA1EC59-733B-4495-A505-1490E339EBA0}"
EndProject
Global
	GlobalSection(SolutionConfigurationPlatforms) = preSolution
		Debug|Any CPU = Debug|Any CPU
		Release|Any CPU = Release|Any CPU
	EndGlobalSection
	GlobalSection(ProjectConfigurationPlatforms) = postSolution
		{0060D6CD-5C1E-4117-A134-27ECE342A20E}.Debug|Any CPU.ActiveCfg = Debug|Any CPU
		{0060D6CD-5C1E-4117-A134-27ECE342A20E}.Debug|Any CPU.Build.0 = Debug|Any CPU
		{0060D6CD-5C1E-4117-A134-27ECE342A20E}.Release|Any CPU.ActiveCfg = Release|Any CPU
		{0060D6CD-5C1E-4117-A134-27ECE342A20E}.Release|Any CPU.Build.0 = Release|Any CPU
		{8690F9D9-A3A2-4193-9AF4-1EB4F3E25E3C}.Debug|Any CPU.ActiveCfg = Debug|Any CPU
		{8690F9D9-A3A2-4193-9AF4-1EB4F3E25E3C}.Debug|Any CPU.Build.0 = Debug|Any CPU
		{8690F9D9-A3A2-4193-9AF4-1EB4F3E25E3C}.Release|Any CPU.ActiveCfg = Release|Any CPU
		{8690F9D9-A3A2-4193-9AF4-1EB4F3E25E3C}.Release|Any CPU.Build.0 = Release|Any CPU
		{4BA1EC59-733B-4495-A505-1490E339EBA0}.Debug|Any CPU.ActiveCfg = Debug|Any CPU
		{4BA1EC59-733B-4495-A505-1490E339EBA0}.Debug|Any CPU.Build.0 = Debug|Any CPU
		{4BA1EC59-733B-4495-A505-1490E339EBA0}.Release|Any CPU.ActiveCfg = Release|Any CPU
		{4BA1EC59-733B-4495-A505-1490E339EBA0}.Release|Any CPU.Build.0 = Release|Any CPU
	EndGlobalSection
	GlobalSection(SolutionProperties) = preSolution
		HideSolutionNode = FALSE
	EndGlobalSection
	GlobalSection(ExtensibilityGlobals) = postSolution
		SolutionGuid = {2B816F81-6C52-44EF-BEE5-E9D349B6E1C2}
	EndGlobalSection
EndGlobal
